// !$*UTF8*$!
{
	archiveVersion = 1;
	classes = {
	};
	objectVersion = 46;
	objects = {

/* Begin PBXBuildFile section */
		36C179701C8F799C002D9347 /* AppDelegate.swift in Sources */ = {isa = PBXBuildFile; fileRef = 36C1796F1C8F799C002D9347 /* AppDelegate.swift */; };
		36C179721C8F799C002D9347 /* ViewController.swift in Sources */ = {isa = PBXBuildFile; fileRef = 36C179711C8F799C002D9347 /* ViewController.swift */; };
		36C179751C8F799C002D9347 /* Main.storyboard in Resources */ = {isa = PBXBuildFile; fileRef = 36C179731C8F799C002D9347 /* Main.storyboard */; };
		36C179771C8F799C002D9347 /* Assets.xcassets in Resources */ = {isa = PBXBuildFile; fileRef = 36C179761C8F799C002D9347 /* Assets.xcassets */; };
		36C1797A1C8F799C002D9347 /* LaunchScreen.storyboard in Resources */ = {isa = PBXBuildFile; fileRef = 36C179781C8F799C002D9347 /* LaunchScreen.storyboard */; };
		36C179851C8F799C002D9347 /* DesignShowcaseTests.swift in Sources */ = {isa = PBXBuildFile; fileRef = 36C179841C8F799C002D9347 /* DesignShowcaseTests.swift */; };
		36C179901C8F799C002D9347 /* DesignShowcaseUITests.swift in Sources */ = {isa = PBXBuildFile; fileRef = 36C1798F1C8F799C002D9347 /* DesignShowcaseUITests.swift */; };
		36C179A01C8F8E9E002D9347 /* roundedButton.swift in Sources */ = {isa = PBXBuildFile; fileRef = 36C1799F1C8F8E9E002D9347 /* roundedButton.swift */; };
/* End PBXBuildFile section */

/* Begin PBXContainerItemProxy section */
		36C179811C8F799C002D9347 /* PBXContainerItemProxy */ = {
			isa = PBXContainerItemProxy;
			containerPortal = 36C179641C8F799C002D9347 /* Project object */;
			proxyType = 1;
			remoteGlobalIDString = 36C1796B1C8F799C002D9347;
			remoteInfo = DesignShowcase;
		};
		36C1798C1C8F799C002D9347 /* PBXContainerItemProxy */ = {
			isa = PBXContainerItemProxy;
			containerPortal = 36C179641C8F799C002D9347 /* Project object */;
			proxyType = 1;
			remoteGlobalIDString = 36C1796B1C8F799C002D9347;
			remoteInfo = DesignShowcase;
		};
/* End PBXContainerItemProxy section */

/* Begin PBXFileReference section */
		36C1796C1C8F799C002D9347 /* DesignShowcase.app */ = {isa = PBXFileReference; explicitFileType = wrapper.application; includeInIndex = 0; path = DesignShowcase.app; sourceTree = BUILT_PRODUCTS_DIR; };
		36C1796F1C8F799C002D9347 /* AppDelegate.swift */ = {isa = PBXFileReference; lastKnownFileType = sourcecode.swift; path = AppDelegate.swift; sourceTree = "<group>"; };
		36C179711C8F799C002D9347 /* ViewController.swift */ = {isa = PBXFileReference; lastKnownFileType = sourcecode.swift; path = ViewController.swift; sourceTree = "<group>"; };
		36C179741C8F799C002D9347 /* Base */ = {isa = PBXFileReference; lastKnownFileType = file.storyboard; name = Base; path = Base.lproj/Main.storyboard; sourceTree = "<group>"; };
		36C179761C8F799C002D9347 /* Assets.xcassets */ = {isa = PBXFileReference; lastKnownFileType = folder.assetcatalog; path = Assets.xcassets; sourceTree = "<group>"; };
		36C179791C8F799C002D9347 /* Base */ = {isa = PBXFileReference; lastKnownFileType = file.storyboard; name = Base; path = Base.lproj/LaunchScreen.storyboard; sourceTree = "<group>"; };
		36C1797B1C8F799C002D9347 /* Info.plist */ = {isa = PBXFileReference; lastKnownFileType = text.plist.xml; path = Info.plist; sourceTree = "<group>"; };
		36C179801C8F799C002D9347 /* DesignShowcaseTests.xctest */ = {isa = PBXFileReference; explicitFileType = wrapper.cfbundle; includeInIndex = 0; path = DesignShowcaseTests.xctest; sourceTree = BUILT_PRODUCTS_DIR; };
		36C179841C8F799C002D9347 /* DesignShowcaseTests.swift */ = {isa = PBXFileReference; lastKnownFileType = sourcecode.swift; path = DesignShowcaseTests.swift; sourceTree = "<group>"; };
		36C179861C8F799C002D9347 /* Info.plist */ = {isa = PBXFileReference; lastKnownFileType = text.plist.xml; path = Info.plist; sourceTree = "<group>"; };
		36C1798B1C8F799C002D9347 /* DesignShowcaseUITests.xctest */ = {isa = PBXFileReference; explicitFileType = wrapper.cfbundle; includeInIndex = 0; path = DesignShowcaseUITests.xctest; sourceTree = BUILT_PRODUCTS_DIR; };
		36C1798F1C8F799C002D9347 /* DesignShowcaseUITests.swift */ = {isa = PBXFileReference; lastKnownFileType = sourcecode.swift; path = DesignShowcaseUITests.swift; sourceTree = "<group>"; };
		36C179911C8F799C002D9347 /* Info.plist */ = {isa = PBXFileReference; lastKnownFileType = text.plist.xml; path = Info.plist; sourceTree = "<group>"; };
		36C1799F1C8F8E9E002D9347 /* roundedButton.swift */ = {isa = PBXFileReference; fileEncoding = 4; lastKnownFileType = sourcecode.swift; name = roundedButton.swift; path = ../roundedButton.swift; sourceTree = "<group>"; };
/* End PBXFileReference section */

/* Begin PBXFrameworksBuildPhase section */
		36C179691C8F799C002D9347 /* Frameworks */ = {
			isa = PBXFrameworksBuildPhase;
			buildActionMask = 2147483647;
			files = (
			);
			runOnlyForDeploymentPostprocessing = 0;
		};
		36C1797D1C8F799C002D9347 /* Frameworks */ = {
			isa = PBXFrameworksBuildPhase;
			buildActionMask = 2147483647;
			files = (
			);
			runOnlyForDeploymentPostprocessing = 0;
		};
		36C179881C8F799C002D9347 /* Frameworks */ = {
			isa = PBXFrameworksBuildPhase;
			buildActionMask = 2147483647;
			files = (
			);
			runOnlyForDeploymentPostprocessing = 0;
		};
/* End PBXFrameworksBuildPhase section */

/* Begin PBXGroup section */
		36C179631C8F799C002D9347 = {
			isa = PBXGroup;
			children = (
				36C1796E1C8F799C002D9347 /* DesignShowcase */,
				36C179831C8F799C002D9347 /* DesignShowcaseTests */,
				36C1798E1C8F799C002D9347 /* DesignShowcaseUITests */,
				36C1796D1C8F799C002D9347 /* Products */,
			);
			sourceTree = "<group>";
		};
		36C1796D1C8F799C002D9347 /* Products */ = {
			isa = PBXGroup;
			children = (
				36C1796C1C8F799C002D9347 /* DesignShowcase.app */,
				36C179801C8F799C002D9347 /* DesignShowcaseTests.xctest */,
				36C1798B1C8F799C002D9347 /* DesignShowcaseUITests.xctest */,
			);
			name = Products;
			sourceTree = "<group>";
		};
		36C1796E1C8F799C002D9347 /* DesignShowcase */ = {
			isa = PBXGroup;
			children = (
				36C1799F1C8F8E9E002D9347 /* roundedButton.swift */,
				36C1796F1C8F799C002D9347 /* AppDelegate.swift */,
				36C179711C8F799C002D9347 /* ViewController.swift */,
				36C179731C8F799C002D9347 /* Main.storyboard */,
				36C179761C8F799C002D9347 /* Assets.xcassets */,
				36C179781C8F799C002D9347 /* LaunchScreen.storyboard */,
				36C1797B1C8F799C002D9347 /* Info.plist */,
			);
			path = DesignShowcase;
			sourceTree = "<group>";
		};
		36C179831C8F799C002D9347 /* DesignShowcaseTests */ = {
			isa = PBXGroup;
			children = (
				36C179841C8F799C002D9347 /* DesignShowcaseTests.swift */,
				36C179861C8F799C002D9347 /* Info.plist */,
			);
			path = DesignShowcaseTests;
			sourceTree = "<group>";
		};
		36C1798E1C8F799C002D9347 /* DesignShowcaseUITests */ = {
			isa = PBXGroup;
			children = (
				36C1798F1C8F799C002D9347 /* DesignShowcaseUITests.swift */,
				36C179911C8F799C002D9347 /* Info.plist */,
			);
			path = DesignShowcaseUITests;
			sourceTree = "<group>";
		};
/* End PBXGroup section */

/* Begin PBXNativeTarget section */
		36C1796B1C8F799C002D9347 /* DesignShowcase */ = {
			isa = PBXNativeTarget;
			buildConfigurationList = 36C179941C8F799C002D9347 /* Build configuration list for PBXNativeTarget "DesignShowcase" */;
			buildPhases = (
				36C179681C8F799C002D9347 /* Sources */,
				36C179691C8F799C002D9347 /* Frameworks */,
				36C1796A1C8F799C002D9347 /* Resources */,
			);
			buildRules = (
			);
			dependencies = (
			);
			name = DesignShowcase;
			productName = DesignShowcase;
			productReference = 36C1796C1C8F799C002D9347 /* DesignShowcase.app */;
			productType = "com.apple.product-type.application";
		};
		36C1797F1C8F799C002D9347 /* DesignShowcaseTests */ = {
			isa = PBXNativeTarget;
			buildConfigurationList = 36C179971C8F799C002D9347 /* Build configuration list for PBXNativeTarget "DesignShowcaseTests" */;
			buildPhases = (
				36C1797C1C8F799C002D9347 /* Sources */,
				36C1797D1C8F799C002D9347 /* Frameworks */,
				36C1797E1C8F799C002D9347 /* Resources */,
			);
			buildRules = (
			);
			dependencies = (
				36C179821C8F799C002D9347 /* PBXTargetDependency */,
			);
			name = DesignShowcaseTests;
			productName = DesignShowcaseTests;
			productReference = 36C179801C8F799C002D9347 /* DesignShowcaseTests.xctest */;
			productType = "com.apple.product-type.bundle.unit-test";
		};
		36C1798A1C8F799C002D9347 /* DesignShowcaseUITests */ = {
			isa = PBXNativeTarget;
			buildConfigurationList = 36C1799A1C8F799C002D9347 /* Build configuration list for PBXNativeTarget "DesignShowcaseUITests" */;
			buildPhases = (
				36C179871C8F799C002D9347 /* Sources */,
				36C179881C8F799C002D9347 /* Frameworks */,
				36C179891C8F799C002D9347 /* Resources */,
			);
			buildRules = (
			);
			dependencies = (
				36C1798D1C8F799C002D9347 /* PBXTargetDependency */,
			);
			name = DesignShowcaseUITests;
			productName = DesignShowcaseUITests;
			productReference = 36C1798B1C8F799C002D9347 /* DesignShowcaseUITests.xctest */;
			productType = "com.apple.product-type.bundle.ui-testing";
		};
/* End PBXNativeTarget section */

/* Begin PBXProject section */
		36C179641C8F799C002D9347 /* Project object */ = {
			isa = PBXProject;
			attributes = {
				LastSwiftUpdateCheck = 0720;
				LastUpgradeCheck = 0720;
				ORGANIZATIONNAME = kaydot;
				TargetAttributes = {
					36C1796B1C8F799C002D9347 = {
						CreatedOnToolsVersion = 7.2.1;
						DevelopmentTeam = AQS9XPGKCF;
					};
					36C1797F1C8F799C002D9347 = {
						CreatedOnToolsVersion = 7.2.1;
						DevelopmentTeam = AQS9XPGKCF;
						TestTargetID = 36C1796B1C8F799C002D9347;
					};
					36C1798A1C8F799C002D9347 = {
						CreatedOnToolsVersion = 7.2.1;
						DevelopmentTeam = AQS9XPGKCF;
						TestTargetID = 36C1796B1C8F799C002D9347;
					};
				};
			};
			buildConfigurationList = 36C179671C8F799C002D9347 /* Build configuration list for PBXProject "DesignShowcase" */;
			compatibilityVersion = "Xcode 3.2";
			developmentRegion = English;
			hasScannedForEncodings = 0;
			knownRegions = (
				en,
				Base,
			);
			mainGroup = 36C179631C8F799C002D9347;
			productRefGroup = 36C1796D1C8F799C002D9347 /* Products */;
			projectDirPath = "";
			projectRoot = "";
			targets = (
				36C1796B1C8F799C002D9347 /* DesignShowcase */,
				36C1797F1C8F799C002D9347 /* DesignShowcaseTests */,
				36C1798A1C8F799C002D9347 /* DesignShowcaseUITests */,
			);
		};
/* End PBXProject section */

/* Begin PBXResourcesBuildPhase section */
		36C1796A1C8F799C002D9347 /* Resources */ = {
			isa = PBXResourcesBuildPhase;
			buildActionMask = 2147483647;
			files = (
				36C1797A1C8F799C002D9347 /* LaunchScreen.storyboard in Resources */,
				36C179771C8F799C002D9347 /* Assets.xcassets in Resources */,
				36C179751C8F799C002D9347 /* Main.storyboard in Resources */,
			);
			runOnlyForDeploymentPostprocessing = 0;
		};
		36C1797E1C8F799C002D9347 /* Resources */ = {
			isa = PBXResourcesBuildPhase;
			buildActionMask = 2147483647;
			files = (
			);
			runOnlyForDeploymentPostprocessing = 0;
		};
		36C179891C8F799C002D9347 /* Resources */ = {
			isa = PBXResourcesBuildPhase;
			buildActionMask = 2147483647;
			files = (
			);
			runOnlyForDeploymentPostprocessing = 0;
		};
/* End PBXResourcesBuildPhase section */

/* Begin PBXSourcesBuildPhase section */
		36C179681C8F799C002D9347 /* Sources */ = {
			isa = PBXSourcesBuildPhase;
			buildActionMask = 2147483647;
			files = (
				36C179721C8F799C002D9347 /* ViewController.swift in Sources */,
				36C179701C8F799C002D9347 /* AppDelegate.swift in Sources */,
				36C179A01C8F8E9E002D9347 /* roundedButton.swift in Sources */,
			);
			runOnlyForDeploymentPostprocessing = 0;
		};
		36C1797C1C8F799C002D9347 /* Sources */ = {
			isa = PBXSourcesBuildPhase;
			buildActionMask = 2147483647;
			files = (
				36C179851C8F799C002D9347 /* DesignShowcaseTests.swift in Sources */,
			);
			runOnlyForDeploymentPostprocessing = 0;
		};
		36C179871C8F799C002D9347 /* Sources */ = {
			isa = PBXSourcesBuildPhase;
			buildActionMask = 2147483647;
			files = (
				36C179901C8F799C002D9347 /* DesignShowcaseUITests.swift in Sources */,
			);
			runOnlyForDeploymentPostprocessing = 0;
		};
/* End PBXSourcesBuildPhase section */

/* Begin PBXTargetDependency section */
		36C179821C8F799C002D9347 /* PBXTargetDependency */ = {
			isa = PBXTargetDependency;
			target = 36C1796B1C8F799C002D9347 /* DesignShowcase */;
			targetProxy = 36C179811C8F799C002D9347 /* PBXContainerItemProxy */;
		};
		36C1798D1C8F799C002D9347 /* PBXTargetDependency */ = {
			isa = PBXTargetDependency;
			target = 36C1796B1C8F799C002D9347 /* DesignShowcase */;
			targetProxy = 36C1798C1C8F799C002D9347 /* PBXContainerItemProxy */;
		};
/* End PBXTargetDependency section */

/* Begin PBXVariantGroup section */
		36C179731C8F799C002D9347 /* Main.storyboard */ = {
			isa = PBXVariantGroup;
			children = (
				36C179741C8F799C002D9347 /* Base */,
			);
			name = Main.storyboard;
			sourceTree = "<group>";
		};
		36C179781C8F799C002D9347 /* LaunchScreen.storyboard */ = {
			isa = PBXVariantGroup;
			children = (
				36C179791C8F799C002D9347 /* Base */,
			);
			name = LaunchScreen.storyboard;
			sourceTree = "<group>";
		};
/* End PBXVariantGroup section */

/* Begin XCBuildConfiguration section */
		36C179921C8F799C002D9347 /* Debug */ = {
			isa = XCBuildConfiguration;
			buildSettings = {
				ALWAYS_SEARCH_USER_PATHS = NO;
				CLANG_CXX_LANGUAGE_STANDARD = "gnu++0x";
				CLANG_CXX_LIBRARY = "libc++";
				CLANG_ENABLE_MODULES = YES;
				CLANG_ENABLE_OBJC_ARC = YES;
				CLANG_WARN_BOOL_CONVERSION = YES;
				CLANG_WARN_CONSTANT_CONVERSION = YES;
				CLANG_WARN_DIRECT_OBJC_ISA_USAGE = YES_ERROR;
				CLANG_WARN_EMPTY_BODY = YES;
				CLANG_WARN_ENUM_CONVERSION = YES;
				CLANG_WARN_INT_CONVERSION = YES;
				CLANG_WARN_OBJC_ROOT_CLASS = YES_ERROR;
				CLANG_WARN_UNREACHABLE_CODE = YES;
				CLANG_WARN__DUPLICATE_METHOD_MATCH = YES;
				"CODE_SIGN_IDENTITY[sdk=iphoneos*]" = "iPhone Developer";
				COPY_PHASE_STRIP = NO;
				DEBUG_INFORMATION_FORMAT = dwarf;
				ENABLE_STRICT_OBJC_MSGSEND = YES;
				ENABLE_TESTABILITY = YES;
				GCC_C_LANGUAGE_STANDARD = gnu99;
				GCC_DYNAMIC_NO_PIC = NO;
				GCC_NO_COMMON_BLOCKS = YES;
				GCC_OPTIMIZATION_LEVEL = 0;
				GCC_PREPROCESSOR_DEFINITIONS = (
					"DEBUG=1",
					"$(inherited)",
				);
				GCC_WARN_64_TO_32_BIT_CONVERSION = YES;
				GCC_WARN_ABOUT_RETURN_TYPE = YES_ERROR;
				GCC_WARN_UNDECLARED_SELECTOR = YES;
				GCC_WARN_UNINITIALIZED_AUTOS = YES_AGGRESSIVE;
				GCC_WARN_UNUSED_FUNCTION = YES;
				GCC_WARN_UNUSED_VARIABLE = YES;
				IPHONEOS_DEPLOYMENT_TARGET = 9.2;
				MTL_ENABLE_DEBUG_INFO = YES;
				ONLY_ACTIVE_ARCH = YES;
				SDKROOT = iphoneos;
				SWIFT_OPTIMIZATION_LEVEL = "-Onone";
				TARGETED_DEVICE_FAMILY = "1,2";
			};
			name = Debug;
		};
		36C179931C8F799C002D9347 /* Release */ = {
			isa = XCBuildConfiguration;
			buildSettings = {
				ALWAYS_SEARCH_USER_PATHS = NO;
				CLANG_CXX_LANGUAGE_STANDARD = "gnu++0x";
				CLANG_CXX_LIBRARY = "libc++";
				CLANG_ENABLE_MODULES = YES;
				CLANG_ENABLE_OBJC_ARC = YES;
				CLANG_WARN_BOOL_CONVERSION = YES;
				CLANG_WARN_CONSTANT_CONVERSION = YES;
				CLANG_WARN_DIRECT_OBJC_ISA_USAGE = YES_ERROR;
				CLANG_WARN_EMPTY_BODY = YES;
				CLANG_WARN_ENUM_CONVERSION = YES;
				CLANG_WARN_INT_CONVERSION = YES;
				CLANG_WARN_OBJC_ROOT_CLASS = YES_ERROR;
				CLANG_WARN_UNREACHABLE_CODE = YES;
				CLANG_WARN__DUPLICATE_METHOD_MATCH = YES;
				"CODE_SIGN_IDENTITY[sdk=iphoneos*]" = "iPhone Developer";
				COPY_PHASE_STRIP = NO;
				DEBUG_INFORMATION_FORMAT = "dwarf-with-dsym";
				ENABLE_NS_ASSERTIONS = NO;
				ENABLE_STRICT_OBJC_MSGSEND = YES;
				GCC_C_LANGUAGE_STANDARD = gnu99;
				GCC_NO_COMMON_BLOCKS = YES;
				GCC_WARN_64_TO_32_BIT_CONVERSION = YES;
				GCC_WARN_ABOUT_RETURN_TYPE = YES_ERROR;
				GCC_WARN_UNDECLARED_SELECTOR = YES;
				GCC_WARN_UNINITIALIZED_AUTOS = YES_AGGRESSIVE;
				GCC_WARN_UNUSED_FUNCTION = YES;
				GCC_WARN_UNUSED_VARIABLE = YES;
				IPHONEOS_DEPLOYMENT_TARGET = 9.2;
				MTL_ENABLE_DEBUG_INFO = NO;
				SDKROOT = iphoneos;
				TARGETED_DEVICE_FAMILY = "1,2";
				VALIDATE_PRODUCT = YES;
			};
			name = Release;
		};
		36C179951C8F799C002D9347 /* Debug */ = {
			isa = XCBuildConfiguration;
			buildSettings = {
				ASSETCATALOG_COMPILER_APPICON_NAME = AppIcon;
				INFOPLIST_FILE = DesignShowcase/Info.plist;
				LD_RUNPATH_SEARCH_PATHS = "$(inherited) @executable_path/Frameworks";
				PRODUCT_BUNDLE_IDENTIFIER = com.kaydot.DesignShowcase;
				PRODUCT_NAME = "$(TARGET_NAME)";
			};
			name = Debug;
		};
		36C179961C8F799C002D9347 /* Release */ = {
			isa = XCBuildConfiguration;
			buildSettings = {
				ASSETCATALOG_COMPILER_APPICON_NAME = AppIcon;
				INFOPLIST_FILE = DesignShowcase/Info.plist;
				LD_RUNPATH_SEARCH_PATHS = "$(inherited) @executable_path/Frameworks";
				PRODUCT_BUNDLE_IDENTIFIER = com.kaydot.DesignShowcase;
				PRODUCT_NAME = "$(TARGET_NAME)";
			};
			name = Release;
		};
		36C179981C8F799C002D9347 /* Debug */ = {
			isa = XCBuildConfiguration;
			buildSettings = {
				BUNDLE_LOADER = "$(TEST_HOST)";
				INFOPLIST_FILE = DesignShowcaseTests/Info.plist;
				LD_RUNPATH_SEARCH_PATHS = "$(inherited) @executable_path/Frameworks @loader_path/Frameworks";
				PRODUCT_BUNDLE_IDENTIFIER = com.kaydot.DesignShowcaseTests;
				PRODUCT_NAME = "$(TARGET_NAME)";
				TEST_HOST = "$(BUILT_PRODUCTS_DIR)/DesignShowcase.app/DesignShowcase";
			};
			name = Debug;
		};
		36C179991C8F799C002D9347 /* Release */ = {
			isa = XCBuildConfiguration;
			buildSettings = {
				BUNDLE_LOADER = "$(TEST_HOST)";
				INFOPLIST_FILE = DesignShowcaseTests/Info.plist;
				LD_RUNPATH_SEARCH_PATHS = "$(inherited) @executable_path/Frameworks @loader_path/Frameworks";
				PRODUCT_BUNDLE_IDENTIFIER = com.kaydot.DesignShowcaseTests;
				PRODUCT_NAME = "$(TARGET_NAME)";
				TEST_HOST = "$(BUILT_PRODUCTS_DIR)/DesignShowcase.app/DesignShowcase";
			};
			name = Release;
		};
		36C1799B1C8F799C002D9347 /* Debug */ = {
			isa = XCBuildConfiguration;
			buildSettings = {
				INFOPLIST_FILE = DesignShowcaseUITests/Info.plist;
				LD_RUNPATH_SEARCH_PATHS = "$(inherited) @executable_path/Frameworks @loader_path/Frameworks";
				PRODUCT_BUNDLE_IDENTIFIER = com.kaydot.DesignShowcaseUITests;
				PRODUCT_NAME = "$(TARGET_NAME)";
				TEST_TARGET_NAME = DesignShowcase;
				USES_XCTRUNNER = YES;
			};
			name = Debug;
		};
		36C1799C1C8F799C002D9347 /* Release */ = {
			isa = XCBuildConfiguration;
			buildSettings = {
				INFOPLIST_FILE = DesignShowcaseUITests/Info.plist;
				LD_RUNPATH_SEARCH_PATHS = "$(inherited) @executable_path/Frameworks @loader_path/Frameworks";
				PRODUCT_BUNDLE_IDENTIFIER = com.kaydot.DesignShowcaseUITests;
				PRODUCT_NAME = "$(TARGET_NAME)";
				TEST_TARGET_NAME = DesignShowcase;
				USES_XCTRUNNER = YES;
			};
			name = Release;
		};
/* End XCBuildConfiguration section */

/* Begin XCConfigurationList section */
		36C179671C8F799C002D9347 /* Build configuration list for PBXProject "DesignShowcase" */ = {
			isa = XCConfigurationList;
			buildConfigurations = (
				36C179921C8F799C002D9347 /* Debug */,
				36C179931C8F799C002D9347 /* Release */,
			);
			defaultConfigurationIsVisible = 0;
			defaultConfigurationName = Release;
		};
		36C179941C8F799C002D9347 /* Build configuration list for PBXNativeTarget "DesignShowcase" */ = {
			isa = XCConfigurationList;
			buildConfigurations = (
				36C179951C8F799C002D9347 /* Debug */,
				36C179961C8F799C002D9347 /* Release */,
			);
			defaultConfigurationIsVisible = 0;
		};
		36C179971C8F799C002D9347 /* Build configuration list for PBXNativeTarget "DesignShowcaseTests" */ = {
			isa = XCConfigurationList;
			buildConfigurations = (
				36C179981C8F799C002D9347 /* Debug */,
				36C179991C8F799C002D9347 /* Release */,
			);
			defaultConfigurationIsVisible = 0;
		};
		36C1799A1C8F799C002D9347 /* Build configuration list for PBXNativeTarget "DesignShowcaseUITests" */ = {
			isa = XCConfigurationList;
			buildConfigurations = (
				36C1799B1C8F799C002D9347 /* Debug */,
				36C1799C1C8F799C002D9347 /* Release */,
			);
			defaultConfigurationIsVisible = 0;
		};
/* End XCConfigurationList section */
	};
	rootObject = 36C179641C8F799C002D9347 /* Project object */;
}
